
Microsoft Visual Studio Solution File, Format Version 12.00
# Visual Studio Version 17
VisualStudioVersion = 17.10.35027.167
MinimumVisualStudioVersion = 10.0.40219.1
Project("{9A19103F-16F7-4668-BE54-9A1E7A4F7556}") = "AsyncResolve1", "AsyncResolve1\AsyncResolve1.csproj", "{0ED76D4A-7514-4D1D-922C-252FA01C3B50}"
EndProject
Project("{9A19103F-16F7-4668-BE54-9A1E7A4F7556}") = "FindDNSServers", "FindDNSServers\FindDNSServers.csproj", "{D4C86F87-100A-4171-B9C2-6F9B98956FF6}"
EndProject
Project("{FAE04EC0-301F-11D3-BF4B-00C04F79EFBC}") = "GetDNSAddressInfo", "GetDNSAddressInfo\GetDNSAddressInfo.csproj", "{9566C2FF-36FD-4E83-842C-C7F7C970DFD5}"
EndProject
Project("{FAE04EC0-301F-11D3-BF4B-00C04F79EFBC}") = "GetDNSHostInfo", "GetDNSHostInfo\GetDNSHostInfo.csproj", "{5AD8ABC0-183C-4A1C-B9D6-88B25ABD9323}"
EndProject
Project("{FAE04EC0-301F-11D3-BF4B-00C04F79EFBC}") = "GetResolveInfo", "GetResolveInfo\GetResolveInfo.csproj", "{356D59E2-1956-49B6-99CA-4BAB80268433}"
EndProject
Global
	GlobalSection(SolutionConfigurationPlatforms) = preSolution
		Debug|Any CPU = Debug|Any CPU
		Release|Any CPU = Release|Any CPU
	EndGlobalSection
	GlobalSection(ProjectConfigurationPlatforms) = postSolution
		{0ED76D4A-7514-4D1D-922C-252FA01C3B50}.Debug|Any CPU.ActiveCfg = Debug|Any CPU
		{0ED76D4A-7514-4D1D-922C-252FA01C3B50}.Debug|Any CPU.Build.0 = Debug|Any CPU
		{0ED76D4A-7514-4D1D-922C-252FA01C3B50}.Release|Any CPU.ActiveCfg = Release|Any CPU
		{0ED76D4A-7514-4D1D-922C-252FA01C3B50}.Release|Any CPU.Build.0 = Release|Any CPU
		{D4C86F87-100A-4171-B9C2-6F9B98956FF6}.Debug|Any CPU.ActiveCfg = Debug|Any CPU
		{D4C86F87-100A-4171-B9C2-6F9B98956FF6}.Debug|Any CPU.Build.0 = Debug|Any CPU
		{D4C86F87-100A-4171-B9C2-6F9B98956FF6}.Release|Any CPU.ActiveCfg = Release|Any CPU
		{D4C86F87-100A-4171-B9C2-6F9B98956FF6}.Release|Any CPU.Build.0 = Release|Any CPU
		{9566C2FF-36FD-4E83-842C-C7F7C970DFD5}.Debug|Any CPU.ActiveCfg = Debug|Any CPU
		{9566C2FF-36FD-4E83-842C-C7F7C970DFD5}.Debug|Any CPU.Build.0 = Debug|Any CPU
		{9566C2FF-36FD-4E83-842C-C7F7C970DFD5}.Release|Any CPU.ActiveCfg = Release|Any CPU
		{9566C2FF-36FD-4E83-842C-C7F7C970DFD5}.Release|Any CPU.Build.0 = Release|Any CPU
		{5AD8ABC0-183C-4A1C-B9D6-88B25ABD9323}.Debug|Any CPU.ActiveCfg = Debug|Any CPU
		{5AD8ABC0-183C-4A1C-B9D6-88B25ABD9323}.Debug|Any CPU.Build.0 = Debug|Any CPU
		{5AD8ABC0-183C-4A1C-B9D6-88B25ABD9323}.Release|Any CPU.ActiveCfg = Release|Any CPU
		{5AD8ABC0-183C-4A1C-B9D6-88B25ABD9323}.Release|Any CPU.Build.0 = Release|Any CPU
		{356D59E2-1956-49B6-99CA-4BAB80268433}.Debug|Any CPU.ActiveCfg = Debug|Any CPU
		{356D59E2-1956-49B6-99CA-4BAB80268433}.Debug|Any CPU.Build.0 = Debug|Any CPU
		{356D59E2-1956-49B6-99CA-4BAB80268433}.Release|Any CPU.ActiveCfg = Release|Any CPU
		{356D59E2-1956-49B6-99CA-4BAB80268433}.Release|Any CPU.Build.0 = Release|Any CPU
	EndGlobalSection
	GlobalSection(SolutionProperties) = preSolution
		HideSolutionNode = FALSE
	EndGlobalSection
	GlobalSection(ExtensibilityGlobals) = postSolution
		SolutionGuid = {E146FD41-A327-40AF-97C7-97C4CE475A18}
	EndGlobalSection
EndGlobal
